
Microsoft Visual Studio Solution File, Format Version 12.00
# Visual Studio Version 17
VisualStudioVersion = 17.11.35208.52
MinimumVisualStudioVersion = 10.0.40219.1
Project("{FAE04EC0-301F-11D3-BF4B-00C04F79EFBC}") = "RazorPagesMovie", "RazorPagesMovie.csproj", "{5E7F9553-D956-4416-9E5B-03A7CB2A163E}"
EndProject
Global
	GlobalSection(SolutionConfigurationPlatforms) = preSolution
		Debug|Any CPU = Debug|Any CPU
		Release|Any CPU = Release|Any CPU
	EndGlobalSection
	GlobalSection(ProjectConfigurationPlatforms) = postSolution
		{5E7F9553-D956-4416-9E5B-03A7CB2A163E}.Debug|Any CPU.ActiveCfg = Debug|Any CPU
		{5E7F9553-D956-4416-9E5B-03A7CB2A163E}.Debug|Any CPU.Build.0 = Debug|Any CPU
		{5E7F9553-D956-4416-9E5B-03A7CB2A163E}.Release|Any CPU.ActiveCfg = Release|Any CPU
		{5E7F9553-D956-4416-9E5B-03A7CB2A163E}.Release|Any CPU.Build.0 = Release|Any CPU
	EndGlobalSection
	GlobalSection(SolutionProperties) = preSolution
		HideSolutionNode = FALSE
	EndGlobalSection
	GlobalSection(ExtensibilityGlobals) = postSolution
		SolutionGuid = {6C98F886-BF34-4E8D-9F31-F45725C514B0}
	EndGlobalSection
EndGlobal
